
Microsoft Visual Studio Solution File, Format Version 12.00
# Visual Studio 15
VisualStudioVersion = 15.0.28010.2046
MinimumVisualStudioVersion = 10.0.40219.1
Project("{FAE04EC0-301F-11D3-BF4B-00C04F79EFBC}") = "PackageExpress", "PackageExpress\PackageExpress.csproj", "{26B1A5EE-BD99-41BD-BAB8-9AFDB26DC040}"
EndProject
Global
	GlobalSection(SolutionConfigurationPlatforms) = preSolution
		Debug|Any CPU = Debug|Any CPU
		Release|Any CPU = Release|Any CPU
	EndGlobalSection
	GlobalSection(ProjectConfigurationPlatforms) = postSolution
		{26B1A5EE-BD99-41BD-BAB8-9AFDB26DC040}.Debug|Any CPU.ActiveCfg = Debug|Any CPU
		{26B1A5EE-BD99-41BD-BAB8-9AFDB26DC040}.Debug|Any CPU.Build.0 = Debug|Any CPU
		{26B1A5EE-BD99-41BD-BAB8-9AFDB26DC040}.Release|Any CPU.ActiveCfg = Release|Any CPU
		{26B1A5EE-BD99-41BD-BAB8-9AFDB26DC040}.Release|Any CPU.Build.0 = Release|Any CPU
	EndGlobalSection
	GlobalSection(SolutionProperties) = preSolution
		HideSolutionNode = FALSE
	EndGlobalSection
	GlobalSection(ExtensibilityGlobals) = postSolution
		SolutionGuid = {66EC7CDC-2022-405F-8D6D-6010AF3E0DE2}
	EndGlobalSection
EndGlobal
